Microsoft Visual Studio Solution File, Format Version 12.00
# 17
VisualStudioVersion = 17.11.35327.3
MinimumVisualStudioVersion = 10.0.40219.1
Project("{8BC9CEB8-8B4A-11D0-8D11-00A0C91BC942}") = "to-da-se", "to-da-se\to-da-se.vcxproj", "{D72498FE-43A1-4E6C-B7E4-A91CEBCB7595}"
EndProject
Project("{8BC9CEB8-8B4A-11D0-8D11-00A0C91BC942}") = "game-of-life", "game-of-life\game-of-life.vcxproj", "{6F530F79-2600-4678-89B0-E63B1E07BF7A}"
EndProject
Global
	GlobalSection(SolutionConfigurationPlatforms) = preSolution
		Debug|x64 = Debug|x64
		Debug|x86 = Debug|x86
		Release|x64 = Release|x64
		Release|x86 = Release|x86
	EndGlobalSection
	GlobalSection(ProjectConfigurationPlatforms) = postSolution
		{D72498FE-43A1-4E6C-B7E4-A91CEBCB7595}.Debug|x64.ActiveCfg = Debug|x64
		{D72498FE-43A1-4E6C-B7E4-A91CEBCB7595}.Debug|x64.Build.0 = Debug|x64
		{D72498FE-43A1-4E6C-B7E4-A91CEBCB7595}.Debug|x86.ActiveCfg = Debug|Win32
		{D72498FE-43A1-4E6C-B7E4-A91CEBCB7595}.Debug|x86.Build.0 = Debug|Win32
		{D72498FE-43A1-4E6C-B7E4-A91CEBCB7595}.Release|x64.ActiveCfg = Release|x64
		{D72498FE-43A1-4E6C-B7E4-A91CEBCB7595}.Release|x64.Build.0 = Release|x64
		{D72498FE-43A1-4E6C-B7E4-A91CEBCB7595}.Release|x86.ActiveCfg = Release|Win32
		{D72498FE-43A1-4E6C-B7E4-A91CEBCB7595}.Release|x86.Build.0 = Release|Win32
		{6F530F79-2600-4678-89B0-E63B1E07BF7A}.Debug|x64.ActiveCfg = Debug|x64
		{6F530F79-2600-4678-89B0-E63B1E07BF7A}.Debug|x64.Build.0 = Debug|x64
		{6F530F79-2600-4678-89B0-E63B1E07BF7A}.Debug|x86.ActiveCfg = Debug|Win32
		{6F530F79-2600-4678-89B0-E63B1E07BF7A}.Debug|x86.Build.0 = Debug|Win32
		{6F530F79-2600-4678-89B0-E63B1E07BF7A}.Release|x64.ActiveCfg = Release|x64
		{6F530F79-2600-4678-89B0-E63B1E07BF7A}.Release|x64.Build.0 = Release|x64
		{6F530F79-2600-4678-89B0-E63B1E07BF7A}.Release|x86.ActiveCfg = Release|Win32
		{6F530F79-2600-4678-89B0-E63B1E07BF7A}.Release|x86.Build.0 = Release|Win32
	EndGlobalSection
	GlobalSection(SolutionProperties) = preSolution
		HideSolutionNode = FALSE
	EndGlobalSection
	GlobalSection(ExtensibilityGlobals) = postSolution
		SolutionGuid = {FB1B18AD-470D-4053-8002-3EC43437FE4D}
	EndGlobalSection
EndGlobal
